
Microsoft Visual Studio Solution File, Format Version 12.00
# Visual Studio Version 16
VisualStudioVersion = 16.0.30309.148
MinimumVisualStudioVersion = 10.0.40219.1
Project("{9A19103F-16F7-4668-BE54-9A1E7A4F7556}") = "PSC.reCAPTCHA", "PSC.reCAPTCHA\PSC.reCAPTCHA.csproj", "{A53716B2-15DD-4BA7-99C6-1F919CF27BCB}"
EndProject
Project("{9A19103F-16F7-4668-BE54-9A1E7A4F7556}") = "WebApplicationExample", "WebApplicationExample\WebApplicationExample.csproj", "{E3725859-3A56-487E-BFCB-95ECB3AA4FA7}"
EndProject
Global
	GlobalSection(SolutionConfigurationPlatforms) = preSolution
		Debug|Any CPU = Debug|Any CPU
		Release|Any CPU = Release|Any CPU
	EndGlobalSection
	GlobalSection(ProjectConfigurationPlatforms) = postSolution
		{A53716B2-15DD-4BA7-99C6-1F919CF27BCB}.Debug|Any CPU.ActiveCfg = Debug|Any CPU
		{A53716B2-15DD-4BA7-99C6-1F919CF27BCB}.Debug|Any CPU.Build.0 = Debug|Any CPU
		{A53716B2-15DD-4BA7-99C6-1F919CF27BCB}.Release|Any CPU.ActiveCfg = Release|Any CPU
		{A53716B2-15DD-4BA7-99C6-1F919CF27BCB}.Release|Any CPU.Build.0 = Release|Any CPU
		{E3725859-3A56-487E-BFCB-95ECB3AA4FA7}.Debug|Any CPU.ActiveCfg = Debug|Any CPU
		{E3725859-3A56-487E-BFCB-95ECB3AA4FA7}.Debug|Any CPU.Build.0 = Debug|Any CPU
		{E3725859-3A56-487E-BFCB-95ECB3AA4FA7}.Release|Any CPU.ActiveCfg = Release|Any CPU
		{E3725859-3A56-487E-BFCB-95ECB3AA4FA7}.Release|Any CPU.Build.0 = Release|Any CPU
	EndGlobalSection
	GlobalSection(SolutionProperties) = preSolution
		HideSolutionNode = FALSE
	EndGlobalSection
	GlobalSection(ExtensibilityGlobals) = postSolution
		SolutionGuid = {4625C1AB-7955-4A07-9852-AAA503E51962}
	EndGlobalSection
EndGlobal
